
Microsoft Visual Studio Solution File, Format Version 12.00
# Visual Studio Version 16
VisualStudioVersion = 16.0.28315.86
MinimumVisualStudioVersion = 10.0.40219.1
Project("{2150E333-8FDC-42A3-9474-1A3956D46DE8}") = "Engine", "Engine", "{BB7AFC85-E3CC-4E35-8D17-FBE7A712806C}"
EndProject
Project("{2150E333-8FDC-42A3-9474-1A3956D46DE8}") = "Games", "Games", "{3E468F42-D8F1-42D9-90B8-301F72F4939F}"
EndProject
Project("{8BC9CEB8-8B4A-11D0-8D11-00A0C91BC942}") = "UE4", "Intermediate\ProjectFiles\UE4.vcxproj", "{4281B1BA-31A8-4C32-918F-65046E58F95C}"
EndProject
Project("{8BC9CEB8-8B4A-11D0-8D11-00A0C91BC942}") = "GolfGame", "Intermediate\ProjectFiles\GolfGame.vcxproj", "{BE245BCE-E12F-4A42-9F36-31016628462F}"
EndProject
Project("{2150E333-8FDC-42A3-9474-1A3956D46DE8}") = "Visualizers", "Visualizers", "{81F04C1D-4AB3-4952-84AF-50A200D0D4D6}"
	ProjectSection(SolutionItems) = preProject
		..\..\..\..\..\Program Files\Epic Games\UE_4.24\Engine\Extras\VisualStudioDebugging\UE4.natvis = ..\..\..\..\..\Program Files\Epic Games\UE_4.24\Engine\Extras\VisualStudioDebugging\UE4.natvis
	EndProjectSection
EndProject
Global
	GlobalSection(SolutionConfigurationPlatforms) = preSolution
		DebugGame Editor|Win32 = DebugGame Editor|Win32
		DebugGame Editor|Win64 = DebugGame Editor|Win64
		DebugGame|Win32 = DebugGame|Win32
		DebugGame|Win64 = DebugGame|Win64
		Development Editor|Win32 = Development Editor|Win32
		Development Editor|Win64 = Development Editor|Win64
		Development|Win32 = Development|Win32
		Development|Win64 = Development|Win64
		Shipping|Win32 = Shipping|Win32
		Shipping|Win64 = Shipping|Win64
	EndGlobalSection
	GlobalSection(ProjectConfigurationPlatforms) = postSolution
		{4281B1BA-31A8-4C32-918F-65046E58F95C}.DebugGame Editor|Win32.ActiveCfg = BuiltWithUnrealBuildTool|Win32
		{4281B1BA-31A8-4C32-918F-65046E58F95C}.DebugGame Editor|Win64.ActiveCfg = BuiltWithUnrealBuildTool|Win32
		{4281B1BA-31A8-4C32-918F-65046E58F95C}.DebugGame|Win32.ActiveCfg = BuiltWithUnrealBuildTool|Win32
		{4281B1BA-31A8-4C32-918F-65046E58F95C}.DebugGame|Win64.ActiveCfg = BuiltWithUnrealBuildTool|Win32
		{4281B1BA-31A8-4C32-918F-65046E58F95C}.Development Editor|Win32.ActiveCfg = BuiltWithUnrealBuildTool|Win32
		{4281B1BA-31A8-4C32-918F-65046E58F95C}.Development Editor|Win64.ActiveCfg = BuiltWithUnrealBuildTool|Win32
		{4281B1BA-31A8-4C32-918F-65046E58F95C}.Development|Win32.ActiveCfg = BuiltWithUnrealBuildTool|Win32
		{4281B1BA-31A8-4C32-918F-65046E58F95C}.Development|Win64.ActiveCfg = BuiltWithUnrealBuildTool|Win32
		{4281B1BA-31A8-4C32-918F-65046E58F95C}.Shipping|Win32.ActiveCfg = BuiltWithUnrealBuildTool|Win32
		{4281B1BA-31A8-4C32-918F-65046E58F95C}.Shipping|Win64.ActiveCfg = BuiltWithUnrealBuildTool|Win32
		{BE245BCE-E12F-4A42-9F36-31016628462F}.DebugGame Editor|Win32.ActiveCfg = Invalid|Win32
		{BE245BCE-E12F-4A42-9F36-31016628462F}.DebugGame Editor|Win64.ActiveCfg = DebugGame_Editor|x64
		{BE245BCE-E12F-4A42-9F36-31016628462F}.DebugGame Editor|Win64.Build.0 = DebugGame_Editor|x64
		{BE245BCE-E12F-4A42-9F36-31016628462F}.DebugGame|Win32.ActiveCfg = DebugGame|Win32
		{BE245BCE-E12F-4A42-9F36-31016628462F}.DebugGame|Win32.Build.0 = DebugGame|Win32
		{BE245BCE-E12F-4A42-9F36-31016628462F}.DebugGame|Win64.ActiveCfg = DebugGame|x64
		{BE245BCE-E12F-4A42-9F36-31016628462F}.DebugGame|Win64.Build.0 = DebugGame|x64
		{BE245BCE-E12F-4A42-9F36-31016628462F}.Development Editor|Win32.ActiveCfg = Invalid|Win32
		{BE245BCE-E12F-4A42-9F36-31016628462F}.Development Editor|Win64.ActiveCfg = Development_Editor|x64
		{BE245BCE-E12F-4A42-9F36-31016628462F}.Development Editor|Win64.Build.0 = Development_Editor|x64
		{BE245BCE-E12F-4A42-9F36-31016628462F}.Development|Win32.ActiveCfg = Development|Win32
		{BE245BCE-E12F-4A42-9F36-31016628462F}.Development|Win32.Build.0 = Development|Win32
		{BE245BCE-E12F-4A42-9F36-31016628462F}.Development|Win64.ActiveCfg = Development|x64
		{BE245BCE-E12F-4A42-9F36-31016628462F}.Development|Win64.Build.0 = Development|x64
		{BE245BCE-E12F-4A42-9F36-31016628462F}.Shipping|Win32.ActiveCfg = Shipping|Win32
		{BE245BCE-E12F-4A42-9F36-31016628462F}.Shipping|Win32.Build.0 = Shipping|Win32
		{BE245BCE-E12F-4A42-9F36-31016628462F}.Shipping|Win64.ActiveCfg = Shipping|x64
		{BE245BCE-E12F-4A42-9F36-31016628462F}.Shipping|Win64.Build.0 = Shipping|x64
	EndGlobalSection
	GlobalSection(SolutionProperties) = preSolution
		HideSolutionNode = FALSE
	EndGlobalSection
	GlobalSection(NestedProjects) = preSolution
		{4281B1BA-31A8-4C32-918F-65046E58F95C} = {BB7AFC85-E3CC-4E35-8D17-FBE7A712806C}
		{BE245BCE-E12F-4A42-9F36-31016628462F} = {3E468F42-D8F1-42D9-90B8-301F72F4939F}
	EndGlobalSection
EndGlobal
